
Microsoft Visual Studio Solution File, Format Version 12.00
# Visual Studio 15
VisualStudioVersion = 15.0.28307.539
MinimumVisualStudioVersion = 10.0.40219.1
Project("{FAE04EC0-301F-11D3-BF4B-00C04F79EFBC}") = "KataPractice", "String Average\KataPractice.csproj", "{3E953F16-D495-4D95-B392-C77558E72EFF}"
EndProject
Global
	GlobalSection(SolutionConfigurationPlatforms) = preSolution
		Debug|Any CPU = Debug|Any CPU
		Release|Any CPU = Release|Any CPU
	EndGlobalSection
	GlobalSection(ProjectConfigurationPlatforms) = postSolution
		{3E953F16-D495-4D95-B392-C77558E72EFF}.Debug|Any CPU.ActiveCfg = Debug|Any CPU
		{3E953F16-D495-4D95-B392-C77558E72EFF}.Debug|Any CPU.Build.0 = Debug|Any CPU
		{3E953F16-D495-4D95-B392-C77558E72EFF}.Release|Any CPU.ActiveCfg = Release|Any CPU
		{3E953F16-D495-4D95-B392-C77558E72EFF}.Release|Any CPU.Build.0 = Release|Any CPU
	EndGlobalSection
	GlobalSection(SolutionProperties) = preSolution
		HideSolutionNode = FALSE
	EndGlobalSection
	GlobalSection(ExtensibilityGlobals) = postSolution
		SolutionGuid = {D1B89066-A7A5-4F60-B32B-761A199C1E10}
	EndGlobalSection
EndGlobal
